// !$*UTF8*$!
{
	archiveVersion = 1;
	classes = {
	};
	objectVersion = 46;
	objects = {

/* Begin PBXBuildFile section */
		041701CE1E5EE2CC00D5B5D9 /* GJImageBeautifyFilter.h in CopyFiles */ = {isa = PBXBuildFile; fileRef = 0417FECE1E5ECAD000D5B5D9 /* GJImageBeautifyFilter.h */; };
		041701CF1E5EE2CC00D5B5D9 /* GJImageView.h in CopyFiles */ = {isa = PBXBuildFile; fileRef = 0417FEF41E5ED78900D5B5D9 /* GJImageView.h */; };
		0417FC631E5EB0E100D5B5D9 /* main.m in Sources */ = {isa = PBXBuildFile; fileRef = 0417FC621E5EB0E100D5B5D9 /* main.m */; };
		0417FC661E5EB0E100D5B5D9 /* AppDelegate.m in Sources */ = {isa = PBXBuildFile; fileRef = 0417FC651E5EB0E100D5B5D9 /* AppDelegate.m */; };
		0417FC691E5EB0E100D5B5D9 /* ViewController.m in Sources */ = {isa = PBXBuildFile; fileRef = 0417FC681E5EB0E100D5B5D9 /* ViewController.m */; };
		0417FC6C1E5EB0E200D5B5D9 /* Main.storyboard in Resources */ = {isa = PBXBuildFile; fileRef = 0417FC6A1E5EB0E200D5B5D9 /* Main.storyboard */; };
		0417FC6E1E5EB0E200D5B5D9 /* Assets.xcassets in Resources */ = {isa = PBXBuildFile; fileRef = 0417FC6D1E5EB0E200D5B5D9 /* Assets.xcassets */; };
		0417FC711E5EB0E200D5B5D9 /* LaunchScreen.storyboard in Resources */ = {isa = PBXBuildFile; fileRef = 0417FC6F1E5EB0E200D5B5D9 /* LaunchScreen.storyboard */; };
		0417FCB81E5EC72400D5B5D9 /* GPUImage.framework in Frameworks */ = {isa = PBXBuildFile; fileRef = 0417FCB51E5EC70600D5B5D9 /* GPUImage.framework */; };
		0417FCC21E5EC74E00D5B5D9 /* GJImageFilters.h in CopyFiles */ = {isa = PBXBuildFile; fileRef = 0417FCBF1E5EC74E00D5B5D9 /* GJImageFilters.h */; };
		0417FECD1E5EC92A00D5B5D9 /* libGPUImage.a in Frameworks */ = {isa = PBXBuildFile; fileRef = 0417FCB31E5EC70600D5B5D9 /* libGPUImage.a */; settings = {ATTRIBUTES = (Required, ); }; };
		0417FED01E5ECAD000D5B5D9 /* GJImageBeautifyFilter.m in Sources */ = {isa = PBXBuildFile; fileRef = 0417FECF1E5ECAD000D5B5D9 /* GJImageBeautifyFilter.m */; };
		0417FEF61E5ED78A00D5B5D9 /* GJImageView.m in Sources */ = {isa = PBXBuildFile; fileRef = 0417FEF51E5ED78900D5B5D9 /* GJImageView.m */; };
		046EDBCD1E6D1D5500D9D8FC /* GJImageYUVDataInput.m in Sources */ = {isa = PBXBuildFile; fileRef = 046EDBCC1E6D1D5500D9D8FC /* GJImageYUVDataInput.m */; };
		04A081491E6E9A11000E2B64 /* GJImageYUVDataInput.h in CopyFiles */ = {isa = PBXBuildFile; fileRef = 046EDBCB1E6D1D5500D9D8FC /* GJImageYUVDataInput.h */; };
		04A0815A1E6EAD22000E2B64 /* GJImageFramebuffer.m in Sources */ = {isa = PBXBuildFile; fileRef = 04A081591E6EAD22000E2B64 /* GJImageFramebuffer.m */; };
		6A01287020A13977000D9856 /* libarcsoft_spotlight.a in Frameworks */ = {isa = PBXBuildFile; fileRef = 6A01286F20A13977000D9856 /* libarcsoft_spotlight.a */; };
		6A0388F71FEFE0D3005AC7CE /* GJPaintingCamera.m in Sources */ = {isa = PBXBuildFile; fileRef = 6A0388F61FEFE0D3005AC7CE /* GJPaintingCamera.m */; };
		6A0E87001E84EA7F002A2A2D /* GJImagePixelImageInput.m in Sources */ = {isa = PBXBuildFile; fileRef = 6A0E86FF1E84EA7F002A2A2D /* GJImagePixelImageInput.m */; };
		6A3488761F4545C1008223AA /* GJImagePictureOverlay.m in Sources */ = {isa = PBXBuildFile; fileRef = 6A3488751F4545C1008223AA /* GJImagePictureOverlay.m */; };
		6A44B13D209C30EC00A26220 /* ARCSoftFaceHandle.m in Sources */ = {isa = PBXBuildFile; fileRef = 6A44B13C209C30EC00A26220 /* ARCSoftFaceHandle.m */; };
		6AA649041FC2CAB500AA3CAC /* GJImageTrackImage.m in Sources */ = {isa = PBXBuildFile; fileRef = 6AA649031FC2CAB500AA3CAC /* GJImageTrackImage.m */; };
		6AA6490B1FC2CDE000AA3CAC /* CoreMotion.framework in Frameworks */ = {isa = PBXBuildFile; fileRef = 6AA6490A1FC2CDDA00AA3CAC /* CoreMotion.framework */; settings = {ATTRIBUTES = (Weak, ); }; };
		6AB685A11FE8DFD1009B7032 /* GJImageUICapture.m in Sources */ = {isa = PBXBuildFile; fileRef = 6AB685A01FE8DFD1009B7032 /* GJImageUICapture.m */; };
		6AD5EF6F209C3E0300BEB01C /* ARCSoftFaceSticker.m in Sources */ = {isa = PBXBuildFile; fileRef = 6AD5EF6E209C3E0300BEB01C /* ARCSoftFaceSticker.m */; };
		6AD5EF9A209FE9B800BEB01C /* GJImageUICapture.h in CopyFiles */ = {isa = PBXBuildFile; fileRef = 6AB6859F1FE8DFD1009B7032 /* GJImageUICapture.h */; };
		6AD5EF9B209FE9B800BEB01C /* GJImagePixelImageInput.h in CopyFiles */ = {isa = PBXBuildFile; fileRef = 6A0E86FE1E84EA7F002A2A2D /* GJImagePixelImageInput.h */; };
		6AD5EF9C209FE9B800BEB01C /* GJImageTrackImage.h in CopyFiles */ = {isa = PBXBuildFile; fileRef = 6AA649021FC2CAB500AA3CAC /* GJImageTrackImage.h */; };
		6AD5EF9D209FE9B800BEB01C /* GJImagePictureOverlay.h in CopyFiles */ = {isa = PBXBuildFile; fileRef = 6A3488741F4545C1008223AA /* GJImagePictureOverlay.h */; };
		6AD5EF9E209FE9B800BEB01C /* GJImageFramebuffer.h in CopyFiles */ = {isa = PBXBuildFile; fileRef = 04A081581E6EAD22000E2B64 /* GJImageFramebuffer.h */; };
		6AD5EFA2209FEB8D00BEB01C /* ARCSoftFaceHandle.h in CopyFiles */ = {isa = PBXBuildFile; fileRef = 6A44B13B209C30EC00A26220 /* ARCSoftFaceHandle.h */; };
		6AD5EFA3209FEB8D00BEB01C /* ARCSoftFaceSticker.h in CopyFiles */ = {isa = PBXBuildFile; fileRef = 6AD5EF6D209C3E0200BEB01C /* ARCSoftFaceSticker.h */; };
		6AD5EFA5209FEC3B00BEB01C /* arcsoft_spotlight_common.h in CopyFiles */ = {isa = PBXBuildFile; fileRef = 6A44B133209C309800A26220 /* arcsoft_spotlight_common.h */; };
		6AD5EFA6209FED0A00BEB01C /* amcomdef.h in CopyFiles */ = {isa = PBXBuildFile; fileRef = 6A44B130209C309800A26220 /* amcomdef.h */; };
		6AD5EFA7209FED0A00BEB01C /* asvloffscreen.h in CopyFiles */ = {isa = PBXBuildFile; fileRef = 6A44B135209C309800A26220 /* asvloffscreen.h */; };
		6AD5EFA8209FED0A00BEB01C /* merror.h in CopyFiles */ = {isa = PBXBuildFile; fileRef = 6A44B136209C309800A26220 /* merror.h */; };
		6AD5EFA9209FEDB700BEB01C /* GJPaintingCamera.h in CopyFiles */ = {isa = PBXBuildFile; fileRef = 6A0388F11FEFE0D3005AC7CE /* GJPaintingCamera.h */; };
		6AD5EFBF20A049FD00BEB01C /* GJOverlayAttribute.m in Sources */ = {isa = PBXBuildFile; fileRef = 6AD5EFBE20A049FD00BEB01C /* GJOverlayAttribute.m */; };
		6AD5EFC220A04B2800BEB01C /* GJOverlayAttribute.h in CopyFiles */ = {isa = PBXBuildFile; fileRef = 6AD5EFBD20A049FD00BEB01C /* GJOverlayAttribute.h */; };
		6AF7ECE21FE7ABBB00605E6E /* IOSurface.framework in Frameworks */ = {isa = PBXBuildFile; fileRef = 6AF7ECDD1FE7ABB300605E6E /* IOSurface.framework */; };
		6AF9DD841FA96A6C00F6B4F7 /* GJImageARCapture.m in Sources */ = {isa = PBXBuildFile; fileRef = 6AF9DD831FA96A6C00F6B4F7 /* GJImageARCapture.m */; };
		6AF9DD8B1FA96DDE00F6B4F7 /* SCNViewController.m in Sources */ = {isa = PBXBuildFile; fileRef = 6AF9DD8A1FA96DDE00F6B4F7 /* SCNViewController.m */; };
		6AF9DD8C1FA96FF000F6B4F7 /* GJImageARCapture.h in CopyFiles */ = {isa = PBXBuildFile; fileRef = 6AF9DD7E1FA96A6C00F6B4F7 /* GJImageARCapture.h */; };
/* End PBXBuildFile section */

/* Begin PBXContainerItemProxy section */
		0417FCB21E5EC70600D5B5D9 /* PBXContainerItemProxy */ = {
			isa = PBXContainerItemProxy;
			containerPortal = 0417FCAB1E5EC70500D5B5D9 /* GPUImage.xcodeproj */;
			proxyType = 2;
			remoteGlobalIDString = BCF1A33414DDB1EC00852800;
			remoteInfo = GPUImage;
		};
		0417FCB41E5EC70600D5B5D9 /* PBXContainerItemProxy */ = {
			isa = PBXContainerItemProxy;
			containerPortal = 0417FCAB1E5EC70500D5B5D9 /* GPUImage.xcodeproj */;
			proxyType = 2;
			remoteGlobalIDString = BCE209E51943F20C002FEED8;
			remoteInfo = GPUImageFramework;
		};
		0417FCB61E5EC70600D5B5D9 /* PBXContainerItemProxy */ = {
			isa = PBXContainerItemProxy;
			containerPortal = 0417FCAB1E5EC70500D5B5D9 /* GPUImage.xcodeproj */;
			proxyType = 2;
			remoteGlobalIDString = 0417FC931E5EC56300D5B5D9;
			remoteInfo = GPUImageDemo;
		};
/* End PBXContainerItemProxy section */

/* Begin PBXCopyFilesBuildPhase section */
		0417FCBB1E5EC74E00D5B5D9 /* CopyFiles */ = {
			isa = PBXCopyFilesBuildPhase;
			buildActionMask = 2147483647;
			dstPath = "include/$(PRODUCT_NAME)";
			dstSubfolderSpec = 16;
			files = (
				6AD5EFC220A04B2800BEB01C /* GJOverlayAttribute.h in CopyFiles */,
				6AD5EFA9209FEDB700BEB01C /* GJPaintingCamera.h in CopyFiles */,
				6AD5EFA6209FED0A00BEB01C /* amcomdef.h in CopyFiles */,
				6AD5EFA7209FED0A00BEB01C /* asvloffscreen.h in CopyFiles */,
				6AD5EFA8209FED0A00BEB01C /* merror.h in CopyFiles */,
				6AD5EFA5209FEC3B00BEB01C /* arcsoft_spotlight_common.h in CopyFiles */,
				6AD5EFA2209FEB8D00BEB01C /* ARCSoftFaceHandle.h in CopyFiles */,
				6AD5EFA3209FEB8D00BEB01C /* ARCSoftFaceSticker.h in CopyFiles */,
				6AD5EF9A209FE9B800BEB01C /* GJImageUICapture.h in CopyFiles */,
				6AD5EF9B209FE9B800BEB01C /* GJImagePixelImageInput.h in CopyFiles */,
				6AD5EF9C209FE9B800BEB01C /* GJImageTrackImage.h in CopyFiles */,
				6AD5EF9D209FE9B800BEB01C /* GJImagePictureOverlay.h in CopyFiles */,
				6AD5EF9E209FE9B800BEB01C /* GJImageFramebuffer.h in CopyFiles */,
				6AF9DD8C1FA96FF000F6B4F7 /* GJImageARCapture.h in CopyFiles */,
				04A081491E6E9A11000E2B64 /* GJImageYUVDataInput.h in CopyFiles */,
				041701CE1E5EE2CC00D5B5D9 /* GJImageBeautifyFilter.h in CopyFiles */,
				041701CF1E5EE2CC00D5B5D9 /* GJImageView.h in CopyFiles */,
				0417FCC21E5EC74E00D5B5D9 /* GJImageFilters.h in CopyFiles */,
			);
			runOnlyForDeploymentPostprocessing = 0;
		};
/* End PBXCopyFilesBuildPhase section */

/* Begin PBXFileReference section */
		0417FC5E1E5EB0E100D5B5D9 /* GJImage.app */ = {isa = PBXFileReference; explicitFileType = wrapper.application; includeInIndex = 0; path = GJImage.app; sourceTree = BUILT_PRODUCTS_DIR; };
		0417FC621E5EB0E100D5B5D9 /* main.m */ = {isa = PBXFileReference; lastKnownFileType = sourcecode.c.objc; path = main.m; sourceTree = "<group>"; };
		0417FC641E5EB0E100D5B5D9 /* AppDelegate.h */ = {isa = PBXFileReference; lastKnownFileType = sourcecode.c.h; path = AppDelegate.h; sourceTree = "<group>"; };
		0417FC651E5EB0E100D5B5D9 /* AppDelegate.m */ = {isa = PBXFileReference; lastKnownFileType = sourcecode.c.objc; path = AppDelegate.m; sourceTree = "<group>"; };
		0417FC671E5EB0E100D5B5D9 /* ViewController.h */ = {isa = PBXFileReference; lastKnownFileType = sourcecode.c.h; path = ViewController.h; sourceTree = "<group>"; };
		0417FC681E5EB0E100D5B5D9 /* ViewController.m */ = {isa = PBXFileReference; lastKnownFileType = sourcecode.c.objc; path = ViewController.m; sourceTree = "<group>"; };
		0417FC6B1E5EB0E200D5B5D9 /* Base */ = {isa = PBXFileReference; lastKnownFileType = file.storyboard; name = Base; path = Base.lproj/Main.storyboard; sourceTree = "<group>"; };
		0417FC6D1E5EB0E200D5B5D9 /* Assets.xcassets */ = {isa = PBXFileReference; lastKnownFileType = folder.assetcatalog; path = Assets.xcassets; sourceTree = "<group>"; };
		0417FC701E5EB0E200D5B5D9 /* Base */ = {isa = PBXFileReference; lastKnownFileType = file.storyboard; name = Base; path = Base.lproj/LaunchScreen.storyboard; sourceTree = "<group>"; };
		0417FC721E5EB0E200D5B5D9 /* Info.plist */ = {isa = PBXFileReference; lastKnownFileType = text.plist.xml; path = Info.plist; sourceTree = "<group>"; };
		0417FCAB1E5EC70500D5B5D9 /* GPUImage.xcodeproj */ = {isa = PBXFileReference; lastKnownFileType = "wrapper.pb-project"; name = GPUImage.xcodeproj; path = "GPUImage-master/framework/GPUImage.xcodeproj"; sourceTree = "<group>"; };
		0417FCBD1E5EC74E00D5B5D9 /* libGJImageFilters.a */ = {isa = PBXFileReference; explicitFileType = archive.ar; includeInIndex = 0; path = libGJImageFilters.a; sourceTree = BUILT_PRODUCTS_DIR; };
		0417FCBF1E5EC74E00D5B5D9 /* GJImageFilters.h */ = {isa = PBXFileReference; lastKnownFileType = sourcecode.c.h; path = GJImageFilters.h; sourceTree = "<group>"; };
		0417FECE1E5ECAD000D5B5D9 /* GJImageBeautifyFilter.h */ = {isa = PBXFileReference; fileEncoding = 4; lastKnownFileType = sourcecode.c.h; path = GJImageBeautifyFilter.h; sourceTree = "<group>"; };
		0417FECF1E5ECAD000D5B5D9 /* GJImageBeautifyFilter.m */ = {isa = PBXFileReference; fileEncoding = 4; lastKnownFileType = sourcecode.c.objc; path = GJImageBeautifyFilter.m; sourceTree = "<group>"; };
		0417FEF41E5ED78900D5B5D9 /* GJImageView.h */ = {isa = PBXFileReference; fileEncoding = 4; lastKnownFileType = sourcecode.c.h; path = GJImageView.h; sourceTree = "<group>"; };
		0417FEF51E5ED78900D5B5D9 /* GJImageView.m */ = {isa = PBXFileReference; fileEncoding = 4; lastKnownFileType = sourcecode.c.objc; path = GJImageView.m; sourceTree = "<group>"; };
		046EDBCB1E6D1D5500D9D8FC /* GJImageYUVDataInput.h */ = {isa = PBXFileReference; fileEncoding = 4; lastKnownFileType = sourcecode.c.h; path = GJImageYUVDataInput.h; sourceTree = "<group>"; };
		046EDBCC1E6D1D5500D9D8FC /* GJImageYUVDataInput.m */ = {isa = PBXFileReference; fileEncoding = 4; lastKnownFileType = sourcecode.c.objc; path = GJImageYUVDataInput.m; sourceTree = "<group>"; };
		04A081581E6EAD22000E2B64 /* GJImageFramebuffer.h */ = {isa = PBXFileReference; fileEncoding = 4; lastKnownFileType = sourcecode.c.h; path = GJImageFramebuffer.h; sourceTree = "<group>"; };
		04A081591E6EAD22000E2B64 /* GJImageFramebuffer.m */ = {isa = PBXFileReference; fileEncoding = 4; lastKnownFileType = sourcecode.c.objc; path = GJImageFramebuffer.m; sourceTree = "<group>"; };
		6A01286F20A13977000D9856 /* libarcsoft_spotlight.a */ = {isa = PBXFileReference; lastKnownFileType = archive.ar; name = libarcsoft_spotlight.a; path = GJImageFilters/ARCSoft/lib/libarcsoft_spotlight.a; sourceTree = "<group>"; };
		6A0388F11FEFE0D3005AC7CE /* GJPaintingCamera.h */ = {isa = PBXFileReference; fileEncoding = 4; lastKnownFileType = sourcecode.c.h; path = GJPaintingCamera.h; sourceTree = "<group>"; };
		6A0388F61FEFE0D3005AC7CE /* GJPaintingCamera.m */ = {isa = PBXFileReference; fileEncoding = 4; lastKnownFileType = sourcecode.c.objc; path = GJPaintingCamera.m; sourceTree = "<group>"; };
		6A0E86FE1E84EA7F002A2A2D /* GJImagePixelImageInput.h */ = {isa = PBXFileReference; fileEncoding = 4; lastKnownFileType = sourcecode.c.h; path = GJImagePixelImageInput.h; sourceTree = "<group>"; };
		6A0E86FF1E84EA7F002A2A2D /* GJImagePixelImageInput.m */ = {isa = PBXFileReference; fileEncoding = 4; lastKnownFileType = sourcecode.c.objc; path = GJImagePixelImageInput.m; sourceTree = "<group>"; };
		6A3488741F4545C1008223AA /* GJImagePictureOverlay.h */ = {isa = PBXFileReference; fileEncoding = 4; lastKnownFileType = sourcecode.c.h; path = GJImagePictureOverlay.h; sourceTree = "<group>"; };
		6A3488751F4545C1008223AA /* GJImagePictureOverlay.m */ = {isa = PBXFileReference; fileEncoding = 4; lastKnownFileType = sourcecode.c.objc; path = GJImagePictureOverlay.m; sourceTree = "<group>"; };
		6A44B130209C309800A26220 /* amcomdef.h */ = {isa = PBXFileReference; fileEncoding = 4; lastKnownFileType = sourcecode.c.h; path = amcomdef.h; sourceTree = "<group>"; };
		6A44B131209C309800A26220 /* arcsoft_spotlight_2dsticker.h */ = {isa = PBXFileReference; fileEncoding = 4; lastKnownFileType = sourcecode.c.h; path = arcsoft_spotlight_2dsticker.h; sourceTree = "<group>"; };
		6A44B132209C309800A26220 /* arcsoft_spotlight_beauty.h */ = {isa = PBXFileReference; fileEncoding = 4; lastKnownFileType = sourcecode.c.h; path = arcsoft_spotlight_beauty.h; sourceTree = "<group>"; };
		6A44B133209C309800A26220 /* arcsoft_spotlight_common.h */ = {isa = PBXFileReference; fileEncoding = 4; lastKnownFileType = sourcecode.c.h; path = arcsoft_spotlight_common.h; sourceTree = "<group>"; };
		6A44B134209C309800A26220 /* arcsoft_spotlight_face_alignment.h */ = {isa = PBXFileReference; fileEncoding = 4; lastKnownFileType = sourcecode.c.h; path = arcsoft_spotlight_face_alignment.h; sourceTree = "<group>"; };
		6A44B135209C309800A26220 /* asvloffscreen.h */ = {isa = PBXFileReference; fileEncoding = 4; lastKnownFileType = sourcecode.c.h; path = asvloffscreen.h; sourceTree = "<group>"; };
		6A44B136209C309800A26220 /* merror.h */ = {isa = PBXFileReference; fileEncoding = 4; lastKnownFileType = sourcecode.c.h; path = merror.h; sourceTree = "<group>"; };
		6A44B13B209C30EC00A26220 /* ARCSoftFaceHandle.h */ = {isa = PBXFileReference; lastKnownFileType = sourcecode.c.h; path = ARCSoftFaceHandle.h; sourceTree = "<group>"; };
		6A44B13C209C30EC00A26220 /* ARCSoftFaceHandle.m */ = {isa = PBXFileReference; lastKnownFileType = sourcecode.c.objc; path = ARCSoftFaceHandle.m; sourceTree = "<group>"; };
		6A9699C51EA073490078E8BF /* GJImageStickerInput.h */ = {isa = PBXFileReference; fileEncoding = 4; lastKnownFileType = sourcecode.c.h; path = GJImageStickerInput.h; sourceTree = "<group>"; };
		6A9699C61EA073490078E8BF /* GJImageStickerInput.m */ = {isa = PBXFileReference; fileEncoding = 4; lastKnownFileType = sourcecode.c.objc; path = GJImageStickerInput.m; sourceTree = "<group>"; };
		6AA649021FC2CAB500AA3CAC /* GJImageTrackImage.h */ = {isa = PBXFileReference; lastKnownFileType = sourcecode.c.h; path = GJImageTrackImage.h; sourceTree = "<group>"; };
		6AA649031FC2CAB500AA3CAC /* GJImageTrackImage.m */ = {isa = PBXFileReference; lastKnownFileType = sourcecode.c.objc; path = GJImageTrackImage.m; sourceTree = "<group>"; };
		6AA6490A1FC2CDDA00AA3CAC /* CoreMotion.framework */ = {isa = PBXFileReference; lastKnownFileType = wrapper.framework; name = CoreMotion.framework; path = System/Library/Frameworks/CoreMotion.framework; sourceTree = SDKROOT; };
		6AB6859F1FE8DFD1009B7032 /* GJImageUICapture.h */ = {isa = PBXFileReference; lastKnownFileType = sourcecode.c.h; path = GJImageUICapture.h; sourceTree = "<group>"; };
		6AB685A01FE8DFD1009B7032 /* GJImageUICapture.m */ = {isa = PBXFileReference; lastKnownFileType = sourcecode.c.objc; path = GJImageUICapture.m; sourceTree = "<group>"; };
		6AD5EF6D209C3E0200BEB01C /* ARCSoftFaceSticker.h */ = {isa = PBXFileReference; lastKnownFileType = sourcecode.c.h; path = ARCSoftFaceSticker.h; sourceTree = "<group>"; };
		6AD5EF6E209C3E0300BEB01C /* ARCSoftFaceSticker.m */ = {isa = PBXFileReference; lastKnownFileType = sourcecode.c.objc; path = ARCSoftFaceSticker.m; sourceTree = "<group>"; };
		6AD5EF99209FE5A600BEB01C /* GJImageDefine.h */ = {isa = PBXFileReference; lastKnownFileType = sourcecode.c.h; path = GJImageDefine.h; sourceTree = "<group>"; };
		6AD5EFBD20A049FD00BEB01C /* GJOverlayAttribute.h */ = {isa = PBXFileReference; lastKnownFileType = sourcecode.c.h; path = GJOverlayAttribute.h; sourceTree = "<group>"; };
		6AD5EFBE20A049FD00BEB01C /* GJOverlayAttribute.m */ = {isa = PBXFileReference; lastKnownFileType = sourcecode.c.objc; path = GJOverlayAttribute.m; sourceTree = "<group>"; };
		6AF7ECDD1FE7ABB300605E6E /* IOSurface.framework */ = {isa = PBXFileReference; lastKnownFileType = wrapper.framework; name = IOSurface.framework; path = System/Library/Frameworks/IOSurface.framework; sourceTree = SDKROOT; };
		6AF9DD7E1FA96A6C00F6B4F7 /* GJImageARCapture.h */ = {isa = PBXFileReference; fileEncoding = 4; lastKnownFileType = sourcecode.c.h; path = GJImageARCapture.h; sourceTree = "<group>"; };
		6AF9DD831FA96A6C00F6B4F7 /* GJImageARCapture.m */ = {isa = PBXFileReference; fileEncoding = 4; lastKnownFileType = sourcecode.c.objc; path = GJImageARCapture.m; sourceTree = "<group>"; };
		6AF9DD851FA96B3D00F6B4F7 /* GJLog.h */ = {isa = PBXFileReference; fileEncoding = 4; lastKnownFileType = sourcecode.c.h; path = GJLog.h; sourceTree = "<group>"; };
		6AF9DD871FA96C6600F6B4F7 /* GJPlatformHeader.h */ = {isa = PBXFileReference; lastKnownFileType = sourcecode.c.h; path = GJPlatformHeader.h; sourceTree = "<group>"; };
		6AF9DD891FA96DDE00F6B4F7 /* SCNViewController.h */ = {isa = PBXFileReference; fileEncoding = 4; lastKnownFileType = sourcecode.c.h; path = SCNViewController.h; sourceTree = "<group>"; };
		6AF9DD8A1FA96DDE00F6B4F7 /* SCNViewController.m */ = {isa = PBXFileReference; fileEncoding = 4; lastKnownFileType = sourcecode.c.objc; path = SCNViewController.m; sourceTree = "<group>"; };
/* End PBXFileReference section */

/* Begin PBXFrameworksBuildPhase section */
		0417FC5B1E5EB0E100D5B5D9 /* Frameworks */ = {
			isa = PBXFrameworksBuildPhase;
			buildActionMask = 2147483647;
			files = (
				6AF7ECE21FE7ABBB00605E6E /* IOSurface.framework in Frameworks */,
				0417FCB81E5EC72400D5B5D9 /* GPUImage.framework in Frameworks */,
			);
			runOnlyForDeploymentPostprocessing = 0;
		};
		0417FCBA1E5EC74E00D5B5D9 /* Frameworks */ = {
			isa = PBXFrameworksBuildPhase;
			buildActionMask = 2147483647;
			files = (
				6A01287020A13977000D9856 /* libarcsoft_spotlight.a in Frameworks */,
				6AA6490B1FC2CDE000AA3CAC /* CoreMotion.framework in Frameworks */,
				0417FECD1E5EC92A00D5B5D9 /* libGPUImage.a in Frameworks */,
			);
			runOnlyForDeploymentPostprocessing = 0;
		};
/* End PBXFrameworksBuildPhase section */

/* Begin PBXGroup section */
		0417FC551E5EB0E100D5B5D9 = {
			isa = PBXGroup;
			children = (
				0417FCAB1E5EC70500D5B5D9 /* GPUImage.xcodeproj */,
				0417FC601E5EB0E100D5B5D9 /* GJImage */,
				0417FCBE1E5EC74E00D5B5D9 /* GJImageFilters */,
				0417FC5F1E5EB0E100D5B5D9 /* Products */,
				6AA649091FC2CDDA00AA3CAC /* Frameworks */,
			);
			sourceTree = "<group>";
		};
		0417FC5F1E5EB0E100D5B5D9 /* Products */ = {
			isa = PBXGroup;
			children = (
				0417FC5E1E5EB0E100D5B5D9 /* GJImage.app */,
				0417FCBD1E5EC74E00D5B5D9 /* libGJImageFilters.a */,
			);
			name = Products;
			sourceTree = "<group>";
		};
		0417FC601E5EB0E100D5B5D9 /* GJImage */ = {
			isa = PBXGroup;
			children = (
				0417FC641E5EB0E100D5B5D9 /* AppDelegate.h */,
				0417FC651E5EB0E100D5B5D9 /* AppDelegate.m */,
				0417FC671E5EB0E100D5B5D9 /* ViewController.h */,
				0417FC681E5EB0E100D5B5D9 /* ViewController.m */,
				0417FC6A1E5EB0E200D5B5D9 /* Main.storyboard */,
				0417FC6D1E5EB0E200D5B5D9 /* Assets.xcassets */,
				0417FC6F1E5EB0E200D5B5D9 /* LaunchScreen.storyboard */,
				0417FC721E5EB0E200D5B5D9 /* Info.plist */,
				0417FC611E5EB0E100D5B5D9 /* Supporting Files */,
			);
			path = GJImage;
			sourceTree = "<group>";
		};
		0417FC611E5EB0E100D5B5D9 /* Supporting Files */ = {
			isa = PBXGroup;
			children = (
				0417FC621E5EB0E100D5B5D9 /* main.m */,
			);
			name = "Supporting Files";
			sourceTree = "<group>";
		};
		0417FCAC1E5EC70500D5B5D9 /* Products */ = {
			isa = PBXGroup;
			children = (
				0417FCB31E5EC70600D5B5D9 /* libGPUImage.a */,
				0417FCB51E5EC70600D5B5D9 /* GPUImage.framework */,
				0417FCB71E5EC70600D5B5D9 /* GPUImageDemo.app */,
			);
			name = Products;
			sourceTree = "<group>";
		};
		0417FCBE1E5EC74E00D5B5D9 /* GJImageFilters */ = {
			isa = PBXGroup;
			children = (
				6A44B12D209C309800A26220 /* ARCSoft */,
				6AF9DD881FA96DDE00F6B4F7 /* ARScene */,
				6AF9DD851FA96B3D00F6B4F7 /* GJLog.h */,
				0417FCBF1E5EC74E00D5B5D9 /* GJImageFilters.h */,
				6AD5EF99209FE5A600BEB01C /* GJImageDefine.h */,
				6AF9DD871FA96C6600F6B4F7 /* GJPlatformHeader.h */,
				6A0388F11FEFE0D3005AC7CE /* GJPaintingCamera.h */,
				6A0388F61FEFE0D3005AC7CE /* GJPaintingCamera.m */,
				6AF9DD7E1FA96A6C00F6B4F7 /* GJImageARCapture.h */,
				6AF9DD831FA96A6C00F6B4F7 /* GJImageARCapture.m */,
				6AB6859F1FE8DFD1009B7032 /* GJImageUICapture.h */,
				6AB685A01FE8DFD1009B7032 /* GJImageUICapture.m */,
				0417FECE1E5ECAD000D5B5D9 /* GJImageBeautifyFilter.h */,
				0417FECF1E5ECAD000D5B5D9 /* GJImageBeautifyFilter.m */,
				0417FEF41E5ED78900D5B5D9 /* GJImageView.h */,
				0417FEF51E5ED78900D5B5D9 /* GJImageView.m */,
				6A0E86FE1E84EA7F002A2A2D /* GJImagePixelImageInput.h */,
				6A0E86FF1E84EA7F002A2A2D /* GJImagePixelImageInput.m */,
				046EDBCB1E6D1D5500D9D8FC /* GJImageYUVDataInput.h */,
				046EDBCC1E6D1D5500D9D8FC /* GJImageYUVDataInput.m */,
				6AA649021FC2CAB500AA3CAC /* GJImageTrackImage.h */,
				6AA649031FC2CAB500AA3CAC /* GJImageTrackImage.m */,
				6A3488741F4545C1008223AA /* GJImagePictureOverlay.h */,
				6AD5EFBD20A049FD00BEB01C /* GJOverlayAttribute.h */,
				6AD5EFBE20A049FD00BEB01C /* GJOverlayAttribute.m */,
				6A3488751F4545C1008223AA /* GJImagePictureOverlay.m */,
				6A9699C51EA073490078E8BF /* GJImageStickerInput.h */,
				6A9699C61EA073490078E8BF /* GJImageStickerInput.m */,
				04A081581E6EAD22000E2B64 /* GJImageFramebuffer.h */,
				04A081591E6EAD22000E2B64 /* GJImageFramebuffer.m */,
			);
			path = GJImageFilters;
			sourceTree = "<group>";
		};
		6A44B12D209C309800A26220 /* ARCSoft */ = {
			isa = PBXGroup;
			children = (
				6A44B12E209C309800A26220 /* include */,
				6A44B13B209C30EC00A26220 /* ARCSoftFaceHandle.h */,
				6A44B13C209C30EC00A26220 /* ARCSoftFaceHandle.m */,
				6AD5EF6D209C3E0200BEB01C /* ARCSoftFaceSticker.h */,
				6AD5EF6E209C3E0300BEB01C /* ARCSoftFaceSticker.m */,
			);
			path = ARCSoft;
			sourceTree = "<group>";
		};
		6A44B12E209C309800A26220 /* include */ = {
			isa = PBXGroup;
			children = (
				6A44B12F209C309800A26220 /* arcsoft */,
			);
			path = include;
			sourceTree = "<group>";
		};
		6A44B12F209C309800A26220 /* arcsoft */ = {
			isa = PBXGroup;
			children = (
				6A44B130209C309800A26220 /* amcomdef.h */,
				6A44B131209C309800A26220 /* arcsoft_spotlight_2dsticker.h */,
				6A44B132209C309800A26220 /* arcsoft_spotlight_beauty.h */,
				6A44B133209C309800A26220 /* arcsoft_spotlight_common.h */,
				6A44B134209C309800A26220 /* arcsoft_spotlight_face_alignment.h */,
				6A44B135209C309800A26220 /* asvloffscreen.h */,
				6A44B136209C309800A26220 /* merror.h */,
			);
			path = arcsoft;
			sourceTree = "<group>";
		};
		6AA649091FC2CDDA00AA3CAC /* Frameworks */ = {
			isa = PBXGroup;
			children = (
				6A01286F20A13977000D9856 /* libarcsoft_spotlight.a */,
				6AF7ECDD1FE7ABB300605E6E /* IOSurface.framework */,
				6AA6490A1FC2CDDA00AA3CAC /* CoreMotion.framework */,
			);
			name = Frameworks;
			sourceTree = "<group>";
		};
		6AF9DD881FA96DDE00F6B4F7 /* ARScene */ = {
			isa = PBXGroup;
			children = (
				6AF9DD891FA96DDE00F6B4F7 /* SCNViewController.h */,
				6AF9DD8A1FA96DDE00F6B4F7 /* SCNViewController.m */,
			);
			path = ARScene;
			sourceTree = "<group>";
		};
/* End PBXGroup section */

/* Begin PBXNativeTarget section */
		0417FC5D1E5EB0E100D5B5D9 /* GJImage */ = {
			isa = PBXNativeTarget;
			buildConfigurationList = 0417FC751E5EB0E200D5B5D9 /* Build configuration list for PBXNativeTarget "GJImage" */;
			buildPhases = (
				0417FC5A1E5EB0E100D5B5D9 /* Sources */,
				0417FC5B1E5EB0E100D5B5D9 /* Frameworks */,
				0417FC5C1E5EB0E100D5B5D9 /* Resources */,
			);
			buildRules = (
			);
			dependencies = (
			);
			name = GJImage;
			productName = GJImage;
			productReference = 0417FC5E1E5EB0E100D5B5D9 /* GJImage.app */;
			productType = "com.apple.product-type.application";
		};
		0417FCBC1E5EC74E00D5B5D9 /* GJImageFilters */ = {
			isa = PBXNativeTarget;
			buildConfigurationList = 0417FCC31E5EC74E00D5B5D9 /* Build configuration list for PBXNativeTarget "GJImageFilters" */;
			buildPhases = (
				0417FCB91E5EC74E00D5B5D9 /* Sources */,
				0417FCBA1E5EC74E00D5B5D9 /* Frameworks */,
				0417FCBB1E5EC74E00D5B5D9 /* CopyFiles */,
			);
			buildRules = (
			);
			dependencies = (
			);
			name = GJImageFilters;
			productName = GJImageFilters;
			productReference = 0417FCBD1E5EC74E00D5B5D9 /* libGJImageFilters.a */;
			productType = "com.apple.product-type.library.static";
		};
/* End PBXNativeTarget section */

/* Begin PBXProject section */
		0417FC561E5EB0E100D5B5D9 /* Project object */ = {
			isa = PBXProject;
			attributes = {
				LastUpgradeCheck = 0820;
				ORGANIZATIONNAME = MinorUncle;
				TargetAttributes = {
					0417FC5D1E5EB0E100D5B5D9 = {
						CreatedOnToolsVersion = 8.2.1;
						DevelopmentTeam = K7MDP8Y272;
						ProvisioningStyle = Automatic;
					};
					0417FCBC1E5EC74E00D5B5D9 = {
						CreatedOnToolsVersion = 8.2.1;
						DevelopmentTeam = 86ZQX2T4JN;
						ProvisioningStyle = Automatic;
					};
				};
			};
			buildConfigurationList = 0417FC591E5EB0E100D5B5D9 /* Build configuration list for PBXProject "GJImage" */;
			compatibilityVersion = "Xcode 3.2";
			developmentRegion = English;
			hasScannedForEncodings = 0;
			knownRegions = (
				en,
				Base,
			);
			mainGroup = 0417FC551E5EB0E100D5B5D9;
			productRefGroup = 0417FC5F1E5EB0E100D5B5D9 /* Products */;
			projectDirPath = "";
			projectReferences = (
				{
					ProductGroup = 0417FCAC1E5EC70500D5B5D9 /* Products */;
					ProjectRef = 0417FCAB1E5EC70500D5B5D9 /* GPUImage.xcodeproj */;
				},
			);
			projectRoot = "";
			targets = (
				0417FC5D1E5EB0E100D5B5D9 /* GJImage */,
				0417FCBC1E5EC74E00D5B5D9 /* GJImageFilters */,
			);
		};
/* End PBXProject section */

/* Begin PBXReferenceProxy section */
		0417FCB31E5EC70600D5B5D9 /* libGPUImage.a */ = {
			isa = PBXReferenceProxy;
			fileType = archive.ar;
			path = libGPUImage.a;
			remoteRef = 0417FCB21E5EC70600D5B5D9 /* PBXContainerItemProxy */;
			sourceTree = BUILT_PRODUCTS_DIR;
		};
		0417FCB51E5EC70600D5B5D9 /* GPUImage.framework */ = {
			isa = PBXReferenceProxy;
			fileType = wrapper.framework;
			path = GPUImage.framework;
			remoteRef = 0417FCB41E5EC70600D5B5D9 /* PBXContainerItemProxy */;
			sourceTree = BUILT_PRODUCTS_DIR;
		};
		0417FCB71E5EC70600D5B5D9 /* GPUImageDemo.app */ = {
			isa = PBXReferenceProxy;
			fileType = wrapper.application;
			path = GPUImageDemo.app;
			remoteRef = 0417FCB61E5EC70600D5B5D9 /* PBXContainerItemProxy */;
			sourceTree = BUILT_PRODUCTS_DIR;
		};
/* End PBXReferenceProxy section */

/* Begin PBXResourcesBuildPhase section */
		0417FC5C1E5EB0E100D5B5D9 /* Resources */ = {
			isa = PBXResourcesBuildPhase;
			buildActionMask = 2147483647;
			files = (
				0417FC711E5EB0E200D5B5D9 /* LaunchScreen.storyboard in Resources */,
				0417FC6E1E5EB0E200D5B5D9 /* Assets.xcassets in Resources */,
				0417FC6C1E5EB0E200D5B5D9 /* Main.storyboard in Resources */,
			);
			runOnlyForDeploymentPostprocessing = 0;
		};
/* End PBXResourcesBuildPhase section */

/* Begin PBXSourcesBuildPhase section */
		0417FC5A1E5EB0E100D5B5D9 /* Sources */ = {
			isa = PBXSourcesBuildPhase;
			buildActionMask = 2147483647;
			files = (
				0417FC691E5EB0E100D5B5D9 /* ViewController.m in Sources */,
				0417FC661E5EB0E100D5B5D9 /* AppDelegate.m in Sources */,
				0417FC631E5EB0E100D5B5D9 /* main.m in Sources */,
			);
			runOnlyForDeploymentPostprocessing = 0;
		};
		0417FCB91E5EC74E00D5B5D9 /* Sources */ = {
			isa = PBXSourcesBuildPhase;
			buildActionMask = 2147483647;
			files = (
				04A0815A1E6EAD22000E2B64 /* GJImageFramebuffer.m in Sources */,
				6A0388F71FEFE0D3005AC7CE /* GJPaintingCamera.m in Sources */,
				6AF9DD8B1FA96DDE00F6B4F7 /* SCNViewController.m in Sources */,
				0417FED01E5ECAD000D5B5D9 /* GJImageBeautifyFilter.m in Sources */,
				6AF9DD841FA96A6C00F6B4F7 /* GJImageARCapture.m in Sources */,
				6A3488761F4545C1008223AA /* GJImagePictureOverlay.m in Sources */,
				6A0E87001E84EA7F002A2A2D /* GJImagePixelImageInput.m in Sources */,
				046EDBCD1E6D1D5500D9D8FC /* GJImageYUVDataInput.m in Sources */,
				6AB685A11FE8DFD1009B7032 /* GJImageUICapture.m in Sources */,
				6A44B13D209C30EC00A26220 /* ARCSoftFaceHandle.m in Sources */,
				6AD5EFBF20A049FD00BEB01C /* GJOverlayAttribute.m in Sources */,
				6AA649041FC2CAB500AA3CAC /* GJImageTrackImage.m in Sources */,
				0417FEF61E5ED78A00D5B5D9 /* GJImageView.m in Sources */,
				6AD5EF6F209C3E0300BEB01C /* ARCSoftFaceSticker.m in Sources */,
			);
			runOnlyForDeploymentPostprocessing = 0;
		};
/* End PBXSourcesBuildPhase section */

/* Begin PBXVariantGroup section */
		0417FC6A1E5EB0E200D5B5D9 /* Main.storyboard */ = {
			isa = PBXVariantGroup;
			children = (
				0417FC6B1E5EB0E200D5B5D9 /* Base */,
			);
			name = Main.storyboard;
			sourceTree = "<group>";
		};
		0417FC6F1E5EB0E200D5B5D9 /* LaunchScreen.storyboard */ = {
			isa = PBXVariantGroup;
			children = (
				0417FC701E5EB0E200D5B5D9 /* Base */,
			);
			name = LaunchScreen.storyboard;
			sourceTree = "<group>";
		};
/* End PBXVariantGroup section */

/* Begin XCBuildConfiguration section */
		0417FC731E5EB0E200D5B5D9 /* Debug */ = {
			isa = XCBuildConfiguration;
			buildSettings = {
				ALWAYS_SEARCH_USER_PATHS = NO;
				CLANG_ANALYZER_NONNULL = YES;
				CLANG_CXX_LANGUAGE_STANDARD = "gnu++0x";
				CLANG_CXX_LIBRARY = "libc++";
				CLANG_ENABLE_MODULES = YES;
				CLANG_ENABLE_OBJC_ARC = YES;
				CLANG_WARN_BOOL_CONVERSION = YES;
				CLANG_WARN_CONSTANT_CONVERSION = YES;
				CLANG_WARN_DIRECT_OBJC_ISA_USAGE = YES_ERROR;
				CLANG_WARN_DOCUMENTATION_COMMENTS = YES;
				CLANG_WARN_EMPTY_BODY = YES;
				CLANG_WARN_ENUM_CONVERSION = YES;
				CLANG_WARN_INFINITE_RECURSION = YES;
				CLANG_WARN_INT_CONVERSION = YES;
				CLANG_WARN_OBJC_ROOT_CLASS = YES_ERROR;
				CLANG_WARN_SUSPICIOUS_MOVE = YES;
				CLANG_WARN_UNREACHABLE_CODE = YES;
				CLANG_WARN__DUPLICATE_METHOD_MATCH = YES;
				"CODE_SIGN_IDENTITY[sdk=iphoneos*]" = "iPhone Developer";
				COPY_PHASE_STRIP = NO;
				DEBUG_INFORMATION_FORMAT = dwarf;
				ENABLE_STRICT_OBJC_MSGSEND = YES;
				ENABLE_TESTABILITY = YES;
				GCC_C_LANGUAGE_STANDARD = gnu99;
				GCC_DYNAMIC_NO_PIC = NO;
				GCC_NO_COMMON_BLOCKS = YES;
				GCC_OPTIMIZATION_LEVEL = 0;
				GCC_PREPROCESSOR_DEFINITIONS = (
					"DEBUG=1",
					"$(inherited)",
				);
				GCC_WARN_64_TO_32_BIT_CONVERSION = YES;
				GCC_WARN_ABOUT_RETURN_TYPE = YES_ERROR;
				GCC_WARN_UNDECLARED_SELECTOR = YES;
				GCC_WARN_UNINITIALIZED_AUTOS = YES_AGGRESSIVE;
				GCC_WARN_UNUSED_FUNCTION = YES;
				GCC_WARN_UNUSED_VARIABLE = YES;
				HEADER_SEARCH_PATHS = "\"$(SRCROOT)/GPUImage-master/framework/Source\"/**";
				IPHONEOS_DEPLOYMENT_TARGET = 10.2;
				MTL_ENABLE_DEBUG_INFO = YES;
				ONLY_ACTIVE_ARCH = YES;
				SDKROOT = iphoneos;
			};
			name = Debug;
		};
		0417FC741E5EB0E200D5B5D9 /* Release */ = {
			isa = XCBuildConfiguration;
			buildSettings = {
				ALWAYS_SEARCH_USER_PATHS = NO;
				CLANG_ANALYZER_NONNULL = YES;
				CLANG_CXX_LANGUAGE_STANDARD = "gnu++0x";
				CLANG_CXX_LIBRARY = "libc++";
				CLANG_ENABLE_MODULES = YES;
				CLANG_ENABLE_OBJC_ARC = YES;
				CLANG_WARN_BOOL_CONVERSION = YES;
				CLANG_WARN_CONSTANT_CONVERSION = YES;
				CLANG_WARN_DIRECT_OBJC_ISA_USAGE = YES_ERROR;
				CLANG_WARN_DOCUMENTATION_COMMENTS = YES;
				CLANG_WARN_EMPTY_BODY = YES;
				CLANG_WARN_ENUM_CONVERSION = YES;
				CLANG_WARN_INFINITE_RECURSION = YES;
				CLANG_WARN_INT_CONVERSION = YES;
				CLANG_WARN_OBJC_ROOT_CLASS = YES_ERROR;
				CLANG_WARN_SUSPICIOUS_MOVE = YES;
				CLANG_WARN_UNREACHABLE_CODE = YES;
				CLANG_WARN__DUPLICATE_METHOD_MATCH = YES;
				"CODE_SIGN_IDENTITY[sdk=iphoneos*]" = "iPhone Developer";
				COPY_PHASE_STRIP = NO;
				DEBUG_INFORMATION_FORMAT = "dwarf-with-dsym";
				ENABLE_NS_ASSERTIONS = NO;
				ENABLE_STRICT_OBJC_MSGSEND = YES;
				GCC_C_LANGUAGE_STANDARD = gnu99;
				GCC_NO_COMMON_BLOCKS = YES;
				GCC_WARN_64_TO_32_BIT_CONVERSION = YES;
				GCC_WARN_ABOUT_RETURN_TYPE = YES_ERROR;
				GCC_WARN_UNDECLARED_SELECTOR = YES;
				GCC_WARN_UNINITIALIZED_AUTOS = YES_AGGRESSIVE;
				GCC_WARN_UNUSED_FUNCTION = YES;
				GCC_WARN_UNUSED_VARIABLE = YES;
				HEADER_SEARCH_PATHS = "\"$(SRCROOT)/GPUImage-master/framework/Source\"/**";
				IPHONEOS_DEPLOYMENT_TARGET = 10.2;
				MTL_ENABLE_DEBUG_INFO = NO;
				SDKROOT = iphoneos;
				VALIDATE_PRODUCT = YES;
			};
			name = Release;
		};
		0417FC761E5EB0E200D5B5D9 /* Debug */ = {
			isa = XCBuildConfiguration;
			buildSettings = {
				ASSETCATALOG_COMPILER_APPICON_NAME = AppIcon;
				DEBUG_INFORMATION_FORMAT = "dwarf-with-dsym";
				DEVELOPMENT_TEAM = K7MDP8Y272;
				GCC_WARN_INHIBIT_ALL_WARNINGS = YES;
				HEADER_SEARCH_PATHS = "";
				INFOPLIST_FILE = GJImage/Info.plist;
				IPHONEOS_DEPLOYMENT_TARGET = 8.0;
				LD_RUNPATH_SEARCH_PATHS = "$(inherited) @executable_path/Frameworks";
				PRODUCT_BUNDLE_IDENTIFIER = GJ.GJImage;
				PRODUCT_NAME = "$(TARGET_NAME)";
				USER_HEADER_SEARCH_PATHS = "\"$(SRCROOT)/GPUImage-master/framework/Source\"";
			};
			name = Debug;
		};
		0417FC771E5EB0E200D5B5D9 /* Release */ = {
			isa = XCBuildConfiguration;
			buildSettings = {
				ASSETCATALOG_COMPILER_APPICON_NAME = AppIcon;
				DEVELOPMENT_TEAM = K7MDP8Y272;
				GCC_WARN_INHIBIT_ALL_WARNINGS = YES;
				HEADER_SEARCH_PATHS = "";
				INFOPLIST_FILE = GJImage/Info.plist;
				IPHONEOS_DEPLOYMENT_TARGET = 8.0;
				LD_RUNPATH_SEARCH_PATHS = "$(inherited) @executable_path/Frameworks";
				PRODUCT_BUNDLE_IDENTIFIER = GJ.GJImage;
				PRODUCT_NAME = "$(TARGET_NAME)";
				USER_HEADER_SEARCH_PATHS = "\"$(SRCROOT)/GPUImage-master/framework/Source\"";
			};
			name = Release;
		};
		0417FCC41E5EC74E00D5B5D9 /* Debug */ = {
			isa = XCBuildConfiguration;
			buildSettings = {
				DEVELOPMENT_TEAM = 86ZQX2T4JN;
				IPHONEOS_DEPLOYMENT_TARGET = 8.0;
				LIBRARY_SEARCH_PATHS = (
					"$(inherited)",
					"$(PROJECT_DIR)/GJImageFilters/ARCSoft/lib",
				);
				OTHER_LDFLAGS = "-ObjC";
				PRODUCT_NAME = "$(TARGET_NAME)";
				SKIP_INSTALL = YES;
			};
			name = Debug;
		};
		0417FCC51E5EC74E00D5B5D9 /* Release */ = {
			isa = XCBuildConfiguration;
			buildSettings = {
				DEVELOPMENT_TEAM = 86ZQX2T4JN;
				IPHONEOS_DEPLOYMENT_TARGET = 8.0;
				LIBRARY_SEARCH_PATHS = (
					"$(inherited)",
					"$(PROJECT_DIR)/GJImageFilters/ARCSoft/lib",
				);
				OTHER_LDFLAGS = "-ObjC";
				PRODUCT_NAME = "$(TARGET_NAME)";
				SKIP_INSTALL = YES;
			};
			name = Release;
		};
/* End XCBuildConfiguration section */

/* Begin XCConfigurationList section */
		0417FC591E5EB0E100D5B5D9 /* Build configuration list for PBXProject "GJImage" */ = {
			isa = XCConfigurationList;
			buildConfigurations = (
				0417FC731E5EB0E200D5B5D9 /* Debug */,
				0417FC741E5EB0E200D5B5D9 /* Release */,
			);
			defaultConfigurationIsVisible = 0;
			defaultConfigurationName = Release;
		};
		0417FC751E5EB0E200D5B5D9 /* Build configuration list for PBXNativeTarget "GJImage" */ = {
			isa = XCConfigurationList;
			buildConfigurations = (
				0417FC761E5EB0E200D5B5D9 /* Debug */,
				0417FC771E5EB0E200D5B5D9 /* Release */,
			);
			defaultConfigurationIsVisible = 0;
			defaultConfigurationName = Release;
		};
		0417FCC31E5EC74E00D5B5D9 /* Build configuration list for PBXNativeTarget "GJImageFilters" */ = {
			isa = XCConfigurationList;
			buildConfigurations = (
				0417FCC41E5EC74E00D5B5D9 /* Debug */,
				0417FCC51E5EC74E00D5B5D9 /* Release */,
			);
			defaultConfigurationIsVisible = 0;
			defaultConfigurationName = Release;
		};
/* End XCConfigurationList section */
	};
	rootObject = 0417FC561E5EB0E100D5B5D9 /* Project object */;
}
